
Microsoft Visual Studio Solution File, Format Version 11.00
# Visual Studio 2010
Project("{FAE04EC0-301F-11D3-BF4B-00C04F79EFBC}") = "TowerBlock", "Assembly-CSharp.csproj", "{48B96E95-A2B1-8539-1DE6-26C3413EB669}"
EndProject
Global
	GlobalSection(SolutionConfigurationPlatforms) = preSolution
		Debug|Any CPU = Debug|Any CPU
		Release|Any CPU = Release|Any CPU
	EndGlobalSection
	GlobalSection(ProjectConfigurationPlatforms) = postSolution
		{48B96E95-A2B1-8539-1DE6-26C3413EB669}.Debug|Any CPU.ActiveCfg = Debug|Any CPU
		{48B96E95-A2B1-8539-1DE6-26C3413EB669}.Debug|Any CPU.Build.0 = Debug|Any CPU
		{48B96E95-A2B1-8539-1DE6-26C3413EB669}.Release|Any CPU.ActiveCfg = Release|Any CPU
		{48B96E95-A2B1-8539-1DE6-26C3413EB669}.Release|Any CPU.Build.0 = Release|Any CPU
	EndGlobalSection
	GlobalSection(SolutionProperties) = preSolution
		HideSolutionNode = FALSE
	EndGlobalSection
	GlobalSection(MonoDevelopProperties) = preSolution
		StartupItem = Assembly-CSharp.csproj
	EndGlobalSection
EndGlobal
